<?xml version="1.0" encoding="utf-8"?>
<Project ToolsVersion="4.0" xmlns="http://schemas.microsoft.com/developer/msbuild/2003">
  <ItemGroup>
    <Filter Include="Source Files">
      <UniqueIdentifier>{4FC737F1-C7A5-4376-A066-2A32D752A2FF}</UniqueIdentifier>
      <Extensions>cpp;c;cc;cxx;def;odl;idl;hpj;bat;asm;asmx</Extensions>
    </Filter>
    <Filter Include="Header Files">
      <UniqueIdentifier>{93995380-89BD-4b04-88EB-625FBE52EBFB}</UniqueIdentifier>
      <Extensions>h;hh;hpp;hxx;hm;inl;inc;xsd</Extensions>
    </Filter>
    <Filter Include="Resource Files">
      <UniqueIdentifier>{67DA6AB6-F800-4c08-8B7A-83BB121AAD01}</UniqueIdentifier>
      <Extensions>rc;ico;cur;bmp;dlg;rc2;rct;bin;rgs;gif;jpg;jpeg;jpe;resx;tiff;tif;png;wav;mfcribbon-ms</Extensions>
    </Filter>
  </ItemGroup>
  <ItemGroup>
    <ClCompile Include="adib.cpp">
      <Filter>Source Files</Filter>
    </ClCompile>
    <ClCompile Include="boissonnat.cpp">
      <Filter>Source Files</Filter>
    </ClCompile>
    <ClCompile Include="contour.cpp">
      <Filter>Source Files</Filter>
    </ClCompile>
    <ClCompile Include="domain_menu.cpp">
      <Filter>Source Files</Filter>
    </ClCompile>
    <ClCompile Include="end.cpp">
      <Filter>Source Files</Filter>
    </ClCompile>
    <ClCompile Include="globals.cpp">
      <Filter>Source Files</Filter>
    </ClCompile>
    <ClCompile Include="help_menu.cpp">
      <Filter>Source Files</Filter>
    </ClCompile>
    <ClCompile Include="histogram.cpp">
      <Filter>Source Files</Filter>
    </ClCompile>
    <ClCompile Include="image.cpp">
      <Filter>Source Files</Filter>
    </ClCompile>
    <ClCompile Include="init.cpp">
      <Filter>Source Files</Filter>
    </ClCompile>
    <ClCompile Include="keyboard.cpp">
      <Filter>Source Files</Filter>
    </ClCompile>
    <ClCompile Include="kube-gustavson-fft.cpp">
      <Filter>Source Files</Filter>
    </ClCompile>
    <ClCompile Include="mouse.cpp">
      <Filter>Source Files</Filter>
    </ClCompile>
    <ClCompile Include="nform.cpp">
      <Filter>Source Files</Filter>
    </ClCompile>
    <ClCompile Include="objects_menu.cpp">
      <Filter>Source Files</Filter>
    </ClCompile>
    <ClCompile Include="opengl.cpp">
      <Filter>Source Files</Filter>
    </ClCompile>
    <ClCompile Include="palette.cpp">
      <Filter>Source Files</Filter>
    </ClCompile>
    <ClCompile Include="program_menu.cpp">
      <Filter>Source Files</Filter>
    </ClCompile>
    <ClCompile Include="reconstruct.cpp">
      <Filter>Source Files</Filter>
    </ClCompile>
    <ClCompile Include="section.cpp">
      <Filter>Source Files</Filter>
    </ClCompile>
    <ClCompile Include="sectionsinfo.cpp">
      <Filter>Source Files</Filter>
    </ClCompile>
    <ClCompile Include="section_menu.cpp">
      <Filter>Source Files</Filter>
    </ClCompile>
    <ClCompile Include="series.cpp">
      <Filter>Source Files</Filter>
    </ClCompile>
    <ClCompile Include="series_menu.cpp">
      <Filter>Source Files</Filter>
    </ClCompile>
    <ClCompile Include="tformslifo.cpp">
      <Filter>Source Files</Filter>
    </ClCompile>
    <ClCompile Include="threads.cpp">
      <Filter>Source Files</Filter>
    </ClCompile>
    <ClCompile Include="thumbnails.cpp">
      <Filter>Source Files</Filter>
    </ClCompile>
    <ClCompile Include="tools.cpp">
      <Filter>Source Files</Filter>
    </ClCompile>
    <ClCompile Include="trace_menu.cpp">
      <Filter>Source Files</Filter>
    </ClCompile>
    <ClCompile Include="utility.cpp">
      <Filter>Source Files</Filter>
    </ClCompile>
    <ClCompile Include="viewport.cpp">
      <Filter>Source Files</Filter>
    </ClCompile>
    <ClCompile Include="vrmlobject.cpp">
      <Filter>Source Files</Filter>
    </ClCompile>
    <ClCompile Include="vrmlobjects.cpp">
      <Filter>Source Files</Filter>
    </ClCompile>
    <ClCompile Include="vrmlscene.cpp">
      <Filter>Source Files</Filter>
    </ClCompile>
    <ClCompile Include="xmldata.cpp">
      <Filter>Source Files</Filter>
    </ClCompile>
  </ItemGroup>
  <ItemGroup>
    <ClInclude Include="classes.h">
      <Filter>Header Files</Filter>
    </ClInclude>
    <ClInclude Include="constants.h">
      <Filter>Header Files</Filter>
    </ClInclude>
    <ClInclude Include="gbm.h">
      <Filter>Header Files</Filter>
    </ClInclude>
    <ClInclude Include="globals.h">
      <Filter>Header Files</Filter>
    </ClInclude>
    <ClInclude Include="kube-gustavson-fft.h">
      <Filter>Header Files</Filter>
    </ClInclude>
    <ClInclude Include="list.hpp">
      <Filter>Header Files</Filter>
    </ClInclude>
    <ClInclude Include="operations.h">
      <Filter>Header Files</Filter>
    </ClInclude>
    <ClInclude Include="reconstruct.h">
      <Filter>Header Files</Filter>
    </ClInclude>
  </ItemGroup>
  <ItemGroup>
    <Image Include="arrow.bmp">
      <Filter>Resource Files</Filter>
    </Image>
    <Image Include="cultiline.bmp">
      <Filter>Resource Files</Filter>
    </Image>
    <Image Include="domain.bmp">
      <Filter>Resource Files</Filter>
    </Image>
    <Image Include="ellipse.bmp">
      <Filter>Resource Files</Filter>
    </Image>
    <Image Include="grid.bmp">
      <Filter>Resource Files</Filter>
    </Image>
    <Image Include="line.bmp">
      <Filter>Resource Files</Filter>
    </Image>
    <Image Include="lock.bmp">
      <Filter>Resource Files</Filter>
    </Image>
    <Image Include="magnify.bmp">
      <Filter>Resource Files</Filter>
    </Image>
    <Image Include="multiline.bmp">
      <Filter>Resource Files</Filter>
    </Image>
    <Image Include="pencil.bmp">
      <Filter>Resource Files</Filter>
    </Image>
    <Image Include="reconstruct.bmp">
      <Filter>Resource Files</Filter>
    </Image>
    <Image Include="rectangle.bmp">
      <Filter>Resource Files</Filter>
    </Image>
    <Image Include="scalpel.bmp">
      <Filter>Resource Files</Filter>
    </Image>
    <Image Include="scissor.bmp">
      <Filter>Resource Files</Filter>
    </Image>
    <Image Include="stamp.bmp">
      <Filter>Resource Files</Filter>
    </Image>
    <Image Include="stipple.bmp">
      <Filter>Resource Files</Filter>
    </Image>
    <Image Include="unlock.bmp">
      <Filter>Resource Files</Filter>
    </Image>
    <Image Include="wildfire.bmp">
      <Filter>Resource Files</Filter>
    </Image>
    <Image Include="xyzoom.bmp">
      <Filter>Resource Files</Filter>
    </Image>
    <Image Include="zline.bmp">
      <Filter>Resource Files</Filter>
    </Image>
  </ItemGroup>
  <ItemGroup>
    <ResourceCompile Include="reconstruct.rc">
      <Filter>Resource Files</Filter>
    </ResourceCompile>
  </ItemGroup>
  <ItemGroup>
    <None Include="..\..\..\..\..\Desktop\Recon1100SRCFromJohnFiala\wait.ani">
      <Filter>Resource Files</Filter>
    </None>
  </ItemGroup>
</Project>